
Microsoft Visual Studio Solution File, Format Version 12.00
# Visual Studio Version 17
VisualStudioVersion = 17.0.31912.275
MinimumVisualStudioVersion = 10.0.40219.1
Project("{FAE04EC0-301F-11D3-BF4B-00C04F79EFBC}") = "firstConsoleApp-basketballStats", "firstConsoleApp-basketballStats.csproj", "{E5376B45-FAE7-4B43-9FBA-50BE8EF8B5F9}"
EndProject
Global
	GlobalSection(SolutionConfigurationPlatforms) = preSolution
		Debug|Any CPU = Debug|Any CPU
		Release|Any CPU = Release|Any CPU
	EndGlobalSection
	GlobalSection(ProjectConfigurationPlatforms) = postSolution
		{E5376B45-FAE7-4B43-9FBA-50BE8EF8B5F9}.Debug|Any CPU.ActiveCfg = Debug|Any CPU
		{E5376B45-FAE7-4B43-9FBA-50BE8EF8B5F9}.Debug|Any CPU.Build.0 = Debug|Any CPU
		{E5376B45-FAE7-4B43-9FBA-50BE8EF8B5F9}.Release|Any CPU.ActiveCfg = Release|Any CPU
		{E5376B45-FAE7-4B43-9FBA-50BE8EF8B5F9}.Release|Any CPU.Build.0 = Release|Any CPU
	EndGlobalSection
	GlobalSection(SolutionProperties) = preSolution
		HideSolutionNode = FALSE
	EndGlobalSection
	GlobalSection(ExtensibilityGlobals) = postSolution
		SolutionGuid = {331164ED-AC36-4D6E-9F93-B3FBFCE6BEEF}
	EndGlobalSection
EndGlobal
